
Microsoft Visual Studio Solution File, Format Version 12.00
# Visual Studio Version 17
VisualStudioVersion = 17.11.35312.102
MinimumVisualStudioVersion = 10.0.40219.1
Project("{9A19103F-16F7-4668-BE54-9A1E7A4F7556}") = "ProductServices", "ProductServices\ProductServices.csproj", "{D9DAE656-F832-4361-90D6-CA240D6689D2}"
EndProject
Project("{9A19103F-16F7-4668-BE54-9A1E7A4F7556}") = "ProductsApi", "ProductsApi\ProductsApi.csproj", "{F978467E-F049-4CC9-A135-A39AF5CABBCC}"
EndProject
Project("{9A19103F-16F7-4668-BE54-9A1E7A4F7556}") = "Tests", "Tests\Tests.csproj", "{37D19FFC-C638-4FFB-AFAD-3587DC95549E}"
EndProject
Project("{9A19103F-16F7-4668-BE54-9A1E7A4F7556}") = "Common", "Common\Common.csproj", "{3B7EB419-8A05-49D5-8B1B-D3895B166B8E}"
EndProject
Global
	GlobalSection(SolutionConfigurationPlatforms) = preSolution
		Debug|Any CPU = Debug|Any CPU
		Release|Any CPU = Release|Any CPU
	EndGlobalSection
	GlobalSection(ProjectConfigurationPlatforms) = postSolution
		{D9DAE656-F832-4361-90D6-CA240D6689D2}.Debug|Any CPU.ActiveCfg = Debug|Any CPU
		{D9DAE656-F832-4361-90D6-CA240D6689D2}.Debug|Any CPU.Build.0 = Debug|Any CPU
		{D9DAE656-F832-4361-90D6-CA240D6689D2}.Release|Any CPU.ActiveCfg = Release|Any CPU
		{D9DAE656-F832-4361-90D6-CA240D6689D2}.Release|Any CPU.Build.0 = Release|Any CPU
		{F978467E-F049-4CC9-A135-A39AF5CABBCC}.Debug|Any CPU.ActiveCfg = Debug|Any CPU
		{F978467E-F049-4CC9-A135-A39AF5CABBCC}.Debug|Any CPU.Build.0 = Debug|Any CPU
		{F978467E-F049-4CC9-A135-A39AF5CABBCC}.Release|Any CPU.ActiveCfg = Release|Any CPU
		{F978467E-F049-4CC9-A135-A39AF5CABBCC}.Release|Any CPU.Build.0 = Release|Any CPU
		{37D19FFC-C638-4FFB-AFAD-3587DC95549E}.Debug|Any CPU.ActiveCfg = Debug|Any CPU
		{37D19FFC-C638-4FFB-AFAD-3587DC95549E}.Debug|Any CPU.Build.0 = Debug|Any CPU
		{37D19FFC-C638-4FFB-AFAD-3587DC95549E}.Release|Any CPU.ActiveCfg = Release|Any CPU
		{37D19FFC-C638-4FFB-AFAD-3587DC95549E}.Release|Any CPU.Build.0 = Release|Any CPU
		{3B7EB419-8A05-49D5-8B1B-D3895B166B8E}.Debug|Any CPU.ActiveCfg = Debug|Any CPU
		{3B7EB419-8A05-49D5-8B1B-D3895B166B8E}.Debug|Any CPU.Build.0 = Debug|Any CPU
		{3B7EB419-8A05-49D5-8B1B-D3895B166B8E}.Release|Any CPU.ActiveCfg = Release|Any CPU
		{3B7EB419-8A05-49D5-8B1B-D3895B166B8E}.Release|Any CPU.Build.0 = Release|Any CPU
	EndGlobalSection
	GlobalSection(SolutionProperties) = preSolution
		HideSolutionNode = FALSE
	EndGlobalSection
	GlobalSection(ExtensibilityGlobals) = postSolution
		SolutionGuid = {6736F6E3-B542-4BE3-9C5F-C3746351660C}
	EndGlobalSection
EndGlobal
